// !$*UTF8*$!
{
	archiveVersion = 1;
	classes = {
	};
	objectVersion = 48;
	objects = {

/* Begin PBXBuildFile section */
		A982089C1F9C2554003F96F7 /* AppDelegate.swift in Sources */ = {isa = PBXBuildFile; fileRef = A982089B1F9C2554003F96F7 /* AppDelegate.swift */; };
		A982089E1F9C2554003F96F7 /* ViewController.swift in Sources */ = {isa = PBXBuildFile; fileRef = A982089D1F9C2554003F96F7 /* ViewController.swift */; };
		A98208A11F9C2554003F96F7 /* Main.storyboard in Resources */ = {isa = PBXBuildFile; fileRef = A982089F1F9C2554003F96F7 /* Main.storyboard */; };
		A98208A31F9C2554003F96F7 /* Assets.xcassets in Resources */ = {isa = PBXBuildFile; fileRef = A98208A21F9C2554003F96F7 /* Assets.xcassets */; };
		A98208A61F9C2554003F96F7 /* LaunchScreen.storyboard in Resources */ = {isa = PBXBuildFile; fileRef = A98208A41F9C2554003F96F7 /* LaunchScreen.storyboard */; };
/* End PBXBuildFile section */

/* Begin PBXFileReference section */
		A98208981F9C2554003F96F7 /* clothr.app */ = {isa = PBXFileReference; explicitFileType = wrapper.application; includeInIndex = 0; path = clothr.app; sourceTree = BUILT_PRODUCTS_DIR; };
		A982089B1F9C2554003F96F7 /* AppDelegate.swift */ = {isa = PBXFileReference; lastKnownFileType = sourcecode.swift; path = AppDelegate.swift; sourceTree = "<group>"; };
		A982089D1F9C2554003F96F7 /* ViewController.swift */ = {isa = PBXFileReference; lastKnownFileType = sourcecode.swift; path = ViewController.swift; sourceTree = "<group>"; };
		A98208A01F9C2554003F96F7 /* Base */ = {isa = PBXFileReference; lastKnownFileType = file.storyboard; name = Base; path = Base.lproj/Main.storyboard; sourceTree = "<group>"; };
		A98208A21F9C2554003F96F7 /* Assets.xcassets */ = {isa = PBXFileReference; lastKnownFileType = folder.assetcatalog; path = Assets.xcassets; sourceTree = "<group>"; };
		A98208A51F9C2554003F96F7 /* Base */ = {isa = PBXFileReference; lastKnownFileType = file.storyboard; name = Base; path = Base.lproj/LaunchScreen.storyboard; sourceTree = "<group>"; };
		A98208A71F9C2554003F96F7 /* Info.plist */ = {isa = PBXFileReference; lastKnownFileType = text.plist.xml; path = Info.plist; sourceTree = "<group>"; };
/* End PBXFileReference section */

/* Begin PBXFrameworksBuildPhase section */
		A98208951F9C2554003F96F7 /* Frameworks */ = {
			isa = PBXFrameworksBuildPhase;
			buildActionMask = 2147483647;
			files = (
			);
			runOnlyForDeploymentPostprocessing = 0;
		};
/* End PBXFrameworksBuildPhase section */

/* Begin PBXGroup section */
		0D8B72C61FA20169006DF04C /* View */ = {
			isa = PBXGroup;
			children = (
				A98208A41F9C2554003F96F7 /* LaunchScreen.storyboard */,
				A982089F1F9C2554003F96F7 /* Main.storyboard */,
			);
			path = View;
			sourceTree = "<group>";
		};
		0D8B72CA1FA6C0DC006DF04C /* Controller */ = {
			isa = PBXGroup;
			children = (
				A982089D1F9C2554003F96F7 /* ViewController.swift */,
				A982089B1F9C2554003F96F7 /* AppDelegate.swift */,
			);
			path = Controller;
			sourceTree = "<group>";
		};
		0D8B72CB1FA6C2D3006DF04C /* Model */ = {
			isa = PBXGroup;
			children = (
			);
			path = Model;
			sourceTree = "<group>";
		};
		A982088F1F9C2554003F96F7 = {
			isa = PBXGroup;
			children = (
				A982089A1F9C2554003F96F7 /* clothr */,
				A98208991F9C2554003F96F7 /* Products */,
			);
			sourceTree = "<group>";
		};
		A98208991F9C2554003F96F7 /* Products */ = {
			isa = PBXGroup;
			children = (
				A98208981F9C2554003F96F7 /* clothr.app */,
			);
			name = Products;
			sourceTree = "<group>";
		};
		A982089A1F9C2554003F96F7 /* clothr */ = {
			isa = PBXGroup;
			children = (
				0D8B72CB1FA6C2D3006DF04C /* Model */,
				0D8B72CA1FA6C0DC006DF04C /* Controller */,
				0D8B72C61FA20169006DF04C /* View */,
				A98208A21F9C2554003F96F7 /* Assets.xcassets */,
				A98208A71F9C2554003F96F7 /* Info.plist */,
			);
			path = clothr;
			sourceTree = "<group>";
		};
/* End PBXGroup section */

/* Begin PBXNativeTarget section */
		A98208971F9C2554003F96F7 /* clothr */ = {
			isa = PBXNativeTarget;
			buildConfigurationList = A98208AA1F9C2554003F96F7 /* Build configuration list for PBXNativeTarget "clothr" */;
			buildPhases = (
				A98208941F9C2554003F96F7 /* Sources */,
				A98208951F9C2554003F96F7 /* Frameworks */,
				A98208961F9C2554003F96F7 /* Resources */,
			);
			buildRules = (
			);
			dependencies = (
			);
			name = clothr;
			productName = clothr;
			productReference = A98208981F9C2554003F96F7 /* clothr.app */;
			productType = "com.apple.product-type.application";
		};
/* End PBXNativeTarget section */

/* Begin PBXProject section */
		A98208901F9C2554003F96F7 /* Project object */ = {
			isa = PBXProject;
			attributes = {
				LastSwiftUpdateCheck = 0900;
				LastUpgradeCheck = 0900;
				ORGANIZATIONNAME = cmps115;
				TargetAttributes = {
					A98208971F9C2554003F96F7 = {
						CreatedOnToolsVersion = 9.0.1;
						ProvisioningStyle = Automatic;
					};
				};
			};
			buildConfigurationList = A98208931F9C2554003F96F7 /* Build configuration list for PBXProject "clothr" */;
			compatibilityVersion = "Xcode 8.0";
			developmentRegion = en;
			hasScannedForEncodings = 0;
			knownRegions = (
				en,
				Base,
			);
			mainGroup = A982088F1F9C2554003F96F7;
			productRefGroup = A98208991F9C2554003F96F7 /* Products */;
			projectDirPath = "";
			projectRoot = "";
			targets = (
				A98208971F9C2554003F96F7 /* clothr */,
			);
		};
/* End PBXProject section */

/* Begin PBXResourcesBuildPhase section */
		A98208961F9C2554003F96F7 /* Resources */ = {
			isa = PBXResourcesBuildPhase;
			buildActionMask = 2147483647;
			files = (
				A98208A61F9C2554003F96F7 /* LaunchScreen.storyboard in Resources */,
				A98208A31F9C2554003F96F7 /* Assets.xcassets in Resources */,
				A98208A11F9C2554003F96F7 /* Main.storyboard in Resources */,
			);
			runOnlyForDeploymentPostprocessing = 0;
		};
/* End PBXResourcesBuildPhase section */

/* Begin PBXSourcesBuildPhase section */
		A98208941F9C2554003F96F7 /* Sources */ = {
			isa = PBXSourcesBuildPhase;
			buildActionMask = 2147483647;
			files = (
				A982089E1F9C2554003F96F7 /* ViewController.swift in Sources */,
				A982089C1F9C2554003F96F7 /* AppDelegate.swift in Sources */,
			);
			runOnlyForDeploymentPostprocessing = 0;
		};
/* End PBXSourcesBuildPhase section */

/* Begin PBXVariantGroup section */
		A982089F1F9C2554003F96F7 /* Main.storyboard */ = {
			isa = PBXVariantGroup;
			children = (
				A98208A01F9C2554003F96F7 /* Base */,
			);
			name = Main.storyboard;
			sourceTree = "<group>";
		};
		A98208A41F9C2554003F96F7 /* LaunchScreen.storyboard */ = {
			isa = PBXVariantGroup;
			children = (
				A98208A51F9C2554003F96F7 /* Base */,
			);
			name = LaunchScreen.storyboard;
			sourceTree = "<group>";
		};
/* End PBXVariantGroup section */

/* Begin XCBuildConfiguration section */
		A98208A81F9C2554003F96F7 /* Debug */ = {
			isa = XCBuildConfiguration;
			buildSettings = {
				ALWAYS_SEARCH_USER_PATHS = NO;
				CLANG_ANALYZER_NONNULL = YES;
				CLANG_ANALYZER_NUMBER_OBJECT_CONVERSION = YES_AGGRESSIVE;
				CLANG_CXX_LANGUAGE_STANDARD = "gnu++14";
				CLANG_CXX_LIBRARY = "libc++";
				CLANG_ENABLE_MODULES = YES;
				CLANG_ENABLE_OBJC_ARC = YES;
				CLANG_WARN_BLOCK_CAPTURE_AUTORELEASING = YES;
				CLANG_WARN_BOOL_CONVERSION = YES;
				CLANG_WARN_COMMA = YES;
				CLANG_WARN_CONSTANT_CONVERSION = YES;
				CLANG_WARN_DIRECT_OBJC_ISA_USAGE = YES_ERROR;
				CLANG_WARN_DOCUMENTATION_COMMENTS = YES;
				CLANG_WARN_EMPTY_BODY = YES;
				CLANG_WARN_ENUM_CONVERSION = YES;
				CLANG_WARN_INFINITE_RECURSION = YES;
				CLANG_WARN_INT_CONVERSION = YES;
				CLANG_WARN_NON_LITERAL_NULL_CONVERSION = YES;
				CLANG_WARN_OBJC_LITERAL_CONVERSION = YES;
				CLANG_WARN_OBJC_ROOT_CLASS = YES_ERROR;
				CLANG_WARN_RANGE_LOOP_ANALYSIS = YES;
				CLANG_WARN_STRICT_PROTOTYPES = YES;
				CLANG_WARN_SUSPICIOUS_MOVE = YES;
				CLANG_WARN_UNGUARDED_AVAILABILITY = YES_AGGRESSIVE;
				CLANG_WARN_UNREACHABLE_CODE = YES;
				CLANG_WARN__DUPLICATE_METHOD_MATCH = YES;
				CODE_SIGN_IDENTITY = "iPhone Developer";
				COPY_PHASE_STRIP = NO;
				DEBUG_INFORMATION_FORMAT = dwarf;
				ENABLE_STRICT_OBJC_MSGSEND = YES;
				ENABLE_TESTABILITY = YES;
				GCC_C_LANGUAGE_STANDARD = gnu11;
				GCC_DYNAMIC_NO_PIC = NO;
				GCC_NO_COMMON_BLOCKS = YES;
				GCC_OPTIMIZATION_LEVEL = 0;
				GCC_PREPROCESSOR_DEFINITIONS = (
					"DEBUG=1",
					"$(inherited)",
				);
				GCC_WARN_64_TO_32_BIT_CONVERSION = YES;
				GCC_WARN_ABOUT_RETURN_TYPE = YES_ERROR;
				GCC_WARN_UNDECLARED_SELECTOR = YES;
				GCC_WARN_UNINITIALIZED_AUTOS = YES_AGGRESSIVE;
				GCC_WARN_UNUSED_FUNCTION = YES;
				GCC_WARN_UNUSED_VARIABLE = YES;
				IPHONEOS_DEPLOYMENT_TARGET = 11.0;
				MTL_ENABLE_DEBUG_INFO = YES;
				ONLY_ACTIVE_ARCH = YES;
				SDKROOT = iphoneos;
				SWIFT_ACTIVE_COMPILATION_CONDITIONS = DEBUG;
				SWIFT_OPTIMIZATION_LEVEL = "-Onone";
			};
			name = Debug;
		};
		A98208A91F9C2554003F96F7 /* Release */ = {
			isa = XCBuildConfiguration;
			buildSettings = {
				ALWAYS_SEARCH_USER_PATHS = NO;
				CLANG_ANALYZER_NONNULL = YES;
				CLANG_ANALYZER_NUMBER_OBJECT_CONVERSION = YES_AGGRESSIVE;
				CLANG_CXX_LANGUAGE_STANDARD = "gnu++14";
				CLANG_CXX_LIBRARY = "libc++";
				CLANG_ENABLE_MODULES = YES;
				CLANG_ENABLE_OBJC_ARC = YES;
				CLANG_WARN_BLOCK_CAPTURE_AUTORELEASING = YES;
				CLANG_WARN_BOOL_CONVERSION = YES;
				CLANG_WARN_COMMA = YES;
				CLANG_WARN_CONSTANT_CONVERSION = YES;
				CLANG_WARN_DIRECT_OBJC_ISA_USAGE = YES_ERROR;
				CLANG_WARN_DOCUMENTATION_COMMENTS = YES;
				CLANG_WARN_EMPTY_BODY = YES;
				CLANG_WARN_ENUM_CONVERSION = YES;
				CLANG_WARN_INFINITE_RECURSION = YES;
				CLANG_WARN_INT_CONVERSION = YES;
				CLANG_WARN_NON_LITERAL_NULL_CONVERSION = YES;
				CLANG_WARN_OBJC_LITERAL_CONVERSION = YES;
				CLANG_WARN_OBJC_ROOT_CLASS = YES_ERROR;
				CLANG_WARN_RANGE_LOOP_ANALYSIS = YES;
				CLANG_WARN_STRICT_PROTOTYPES = YES;
				CLANG_WARN_SUSPICIOUS_MOVE = YES;
				CLANG_WARN_UNGUARDED_AVAILABILITY = YES_AGGRESSIVE;
				CLANG_WARN_UNREACHABLE_CODE = YES;
				CLANG_WARN__DUPLICATE_METHOD_MATCH = YES;
				CODE_SIGN_IDENTITY = "iPhone Developer";
				COPY_PHASE_STRIP = NO;
				DEBUG_INFORMATION_FORMAT = "dwarf-with-dsym";
				ENABLE_NS_ASSERTIONS = NO;
				ENABLE_STRICT_OBJC_MSGSEND = YES;
				GCC_C_LANGUAGE_STANDARD = gnu11;
				GCC_NO_COMMON_BLOCKS = YES;
				GCC_WARN_64_TO_32_BIT_CONVERSION = YES;
				GCC_WARN_ABOUT_RETURN_TYPE = YES_ERROR;
				GCC_WARN_UNDECLARED_SELECTOR = YES;
				GCC_WARN_UNINITIALIZED_AUTOS = YES_AGGRESSIVE;
				GCC_WARN_UNUSED_FUNCTION = YES;
				GCC_WARN_UNUSED_VARIABLE = YES;
				IPHONEOS_DEPLOYMENT_TARGET = 11.0;
				MTL_ENABLE_DEBUG_INFO = NO;
				SDKROOT = iphoneos;
				SWIFT_OPTIMIZATION_LEVEL = "-Owholemodule";
				VALIDATE_PRODUCT = YES;
			};
			name = Release;
		};
		A98208AB1F9C2554003F96F7 /* Debug */ = {
			isa = XCBuildConfiguration;
			buildSettings = {
				ASSETCATALOG_COMPILER_APPICON_NAME = AppIcon;
				CODE_SIGN_STYLE = Automatic;
				DEVELOPMENT_TEAM = 2QBYA2EHE3;
				INFOPLIST_FILE = clothr/Info.plist;
				LD_RUNPATH_SEARCH_PATHS = "$(inherited) @executable_path/Frameworks";
				PRODUCT_BUNDLE_IDENTIFIER = com.cmps115.clothr;
				PRODUCT_NAME = "$(TARGET_NAME)";
				SWIFT_VERSION = 4.0;
				TARGETED_DEVICE_FAMILY = "1,2";
			};
			name = Debug;
		};
		A98208AC1F9C2554003F96F7 /* Release */ = {
			isa = XCBuildConfiguration;
			buildSettings = {
				ASSETCATALOG_COMPILER_APPICON_NAME = AppIcon;
				CODE_SIGN_STYLE = Automatic;
				DEVELOPMENT_TEAM = 2QBYA2EHE3;
				INFOPLIST_FILE = clothr/Info.plist;
				LD_RUNPATH_SEARCH_PATHS = "$(inherited) @executable_path/Frameworks";
				PRODUCT_BUNDLE_IDENTIFIER = com.cmps115.clothr;
				PRODUCT_NAME = "$(TARGET_NAME)";
				SWIFT_VERSION = 4.0;
				TARGETED_DEVICE_FAMILY = "1,2";
			};
			name = Release;
		};
/* End XCBuildConfiguration section */

/* Begin XCConfigurationList section */
		A98208931F9C2554003F96F7 /* Build configuration list for PBXProject "clothr" */ = {
			isa = XCConfigurationList;
			buildConfigurations = (
				A98208A81F9C2554003F96F7 /* Debug */,
				A98208A91F9C2554003F96F7 /* Release */,
			);
			defaultConfigurationIsVisible = 0;
			defaultConfigurationName = Release;
		};
		A98208AA1F9C2554003F96F7 /* Build configuration list for PBXNativeTarget "clothr" */ = {
			isa = XCConfigurationList;
			buildConfigurations = (
				A98208AB1F9C2554003F96F7 /* Debug */,
				A98208AC1F9C2554003F96F7 /* Release */,
			);
			defaultConfigurationIsVisible = 0;
			defaultConfigurationName = Release;
		};
/* End XCConfigurationList section */
	};
	rootObject = A98208901F9C2554003F96F7 /* Project object */;
}
